
Microsoft Visual Studio Solution File, Format Version 12.00
# Visual Studio Version 17
VisualStudioVersion = 17.9.34723.18
MinimumVisualStudioVersion = 10.0.40219.1
Project("{FAE04EC0-301F-11D3-BF4B-00C04F79EFBC}") = "MauiAppName", "MauiAppName.csproj", "{9960536B-7C59-4737-BD8E-CCF93F35D2C1}"
EndProject
Global
	GlobalSection(SolutionConfigurationPlatforms) = preSolution
		Debug|Any CPU = Debug|Any CPU
		Release|Any CPU = Release|Any CPU
	EndGlobalSection
	GlobalSection(ProjectConfigurationPlatforms) = postSolution
		{9960536B-7C59-4737-BD8E-CCF93F35D2C1}.Debug|Any CPU.ActiveCfg = Debug|Any CPU
		{9960536B-7C59-4737-BD8E-CCF93F35D2C1}.Debug|Any CPU.Build.0 = Debug|Any CPU
		{9960536B-7C59-4737-BD8E-CCF93F35D2C1}.Debug|Any CPU.Deploy.0 = Debug|Any CPU
		{9960536B-7C59-4737-BD8E-CCF93F35D2C1}.Release|Any CPU.ActiveCfg = Release|Any CPU
		{9960536B-7C59-4737-BD8E-CCF93F35D2C1}.Release|Any CPU.Build.0 = Release|Any CPU
		{9960536B-7C59-4737-BD8E-CCF93F35D2C1}.Release|Any CPU.Deploy.0 = Release|Any CPU
	EndGlobalSection
	GlobalSection(SolutionProperties) = preSolution
		HideSolutionNode = FALSE
	EndGlobalSection
	GlobalSection(ExtensibilityGlobals) = postSolution
		SolutionGuid = {95E2AE45-BD2C-47F9-9134-3054ED483604}
	EndGlobalSection
EndGlobal
